{
  "pins" : [
    {
      "identity" : "atnetworking",
      "kind" : "remoteSourceControl",
      "location" : "https://github.com/alextudge/ATNetworking",
      "state" : {
        "revision" : "19870933a278ff7daa398a6055c2ebb7097bcd6c",
        "version" : "1.0.9"
      }
    }
  ],
  "version" : 2
}
