{
  "pins" : [
    {
      "identity" : "atnetworking",
      "kind" : "remoteSourceControl",
      "location" : "https://github.com/alextudge/ATNetworking",
      "state" : {
        "revision" : "edb6f9b13edd6fc07c9ed6686c3cfbdab292b448",
        "version" : "1.0.8"
      }
    }
  ],
  "version" : 2
}
